
Microsoft Visual Studio Solution File, Format Version 12.00
# Visual Studio Version 17
VisualStudioVersion = 17.5.33530.505
MinimumVisualStudioVersion = 10.0.40219.1
Project("{FAE04EC0-301F-11D3-BF4B-00C04F79EFBC}") = "CatalogService", "CatalogService\CatalogService.csproj", "{C3850814-6CA7-4AE9-B801-8E4878DE1A6B}"
EndProject
Project("{FAE04EC0-301F-11D3-BF4B-00C04F79EFBC}") = "APIGateway", "APIGateway\APIGateway.csproj", "{0E5278A5-884B-480E-AE95-BE674A865139}"
EndProject
Global
	GlobalSection(SolutionConfigurationPlatforms) = preSolution
		Debug|Any CPU = Debug|Any CPU
		Release|Any CPU = Release|Any CPU
	EndGlobalSection
	GlobalSection(ProjectConfigurationPlatforms) = postSolution
		{C3850814-6CA7-4AE9-B801-8E4878DE1A6B}.Debug|Any CPU.ActiveCfg = Debug|Any CPU
		{C3850814-6CA7-4AE9-B801-8E4878DE1A6B}.Debug|Any CPU.Build.0 = Debug|Any CPU
		{C3850814-6CA7-4AE9-B801-8E4878DE1A6B}.Release|Any CPU.ActiveCfg = Release|Any CPU
		{C3850814-6CA7-4AE9-B801-8E4878DE1A6B}.Release|Any CPU.Build.0 = Release|Any CPU
		{0E5278A5-884B-480E-AE95-BE674A865139}.Debug|Any CPU.ActiveCfg = Debug|Any CPU
		{0E5278A5-884B-480E-AE95-BE674A865139}.Debug|Any CPU.Build.0 = Debug|Any CPU
		{0E5278A5-884B-480E-AE95-BE674A865139}.Release|Any CPU.ActiveCfg = Release|Any CPU
		{0E5278A5-884B-480E-AE95-BE674A865139}.Release|Any CPU.Build.0 = Release|Any CPU
	EndGlobalSection
	GlobalSection(SolutionProperties) = preSolution
		HideSolutionNode = FALSE
	EndGlobalSection
	GlobalSection(ExtensibilityGlobals) = postSolution
		SolutionGuid = {96FCDBFF-D706-43DE-8AD8-166FE393E393}
	EndGlobalSection
EndGlobal
